// !$*UTF8*$!
{
	archiveVersion = 1;
	classes = {
	};
	objectVersion = 56;
	objects = {

/* Begin PBXBuildFile section */
		5009BB142912ECEB006DE835 /* ColorView.swift in Sources */ = {isa = PBXBuildFile; fileRef = 5009BB132912ECEB006DE835 /* ColorView.swift */; };
		500EFDBD29270B66002B6057 /* NavigationList.swift in Sources */ = {isa = PBXBuildFile; fileRef = 500EFDBC29270B66002B6057 /* NavigationList.swift */; };
		500F99B3292553730097695C /* rawmap.c in Sources */ = {isa = PBXBuildFile; fileRef = 500F99B2292553730097695C /* rawmap.c */; };
		503C675E28FF89C1002D4314 /* MapView.swift in Sources */ = {isa = PBXBuildFile; fileRef = 503C675D28FF89C1002D4314 /* MapView.swift */; };
		50563E592901E19A00B316CA /* MetalShader.swift in Sources */ = {isa = PBXBuildFile; fileRef = 50563E582901E19A00B316CA /* MetalShader.swift */; };
		50563E5B2901E38F00B316CA /* Kernels.metal in Sources */ = {isa = PBXBuildFile; fileRef = 50563E5A2901E38F00B316CA /* Kernels.metal */; };
		50655412290A64F400176790 /* ProjectionView.swift in Sources */ = {isa = PBXBuildFile; fileRef = 50655411290A64F400176790 /* ProjectionView.swift */; };
		5065EE80292044D000AD46CD /* Preferences.swift in Sources */ = {isa = PBXBuildFile; fileRef = 5065EE7F292044D000AD46CD /* Preferences.swift */; };
		50811E5229023F280069B219 /* CFitsIO.framework in Frameworks */ = {isa = PBXBuildFile; fileRef = 50811E5029023EAF0069B219 /* CFitsIO.framework */; };
		50811E5329023F280069B219 /* CFitsIO.framework in Embed Frameworks */ = {isa = PBXBuildFile; fileRef = 50811E5029023EAF0069B219 /* CFitsIO.framework */; settings = {ATTRIBUTES = (CodeSignOnCopy, RemoveHeadersOnCopy, ); }; };
		508910B2291B077E00E33CB6 /* ColorbarView.swift in Sources */ = {isa = PBXBuildFile; fileRef = 508910B1291B077E00E33CB6 /* ColorbarView.swift */; };
		508BBA8B28FF2764004B1A9C /* HEALPix_ViewerApp.swift in Sources */ = {isa = PBXBuildFile; fileRef = 508BBA8A28FF2764004B1A9C /* HEALPix_ViewerApp.swift */; };
		508BBA8D28FF2764004B1A9C /* ContentView.swift in Sources */ = {isa = PBXBuildFile; fileRef = 508BBA8C28FF2764004B1A9C /* ContentView.swift */; };
		508BBA8F28FF2765004B1A9C /* Assets.xcassets in Resources */ = {isa = PBXBuildFile; fileRef = 508BBA8E28FF2765004B1A9C /* Assets.xcassets */; };
		508BBA9228FF2765004B1A9C /* Preview Assets.xcassets in Resources */ = {isa = PBXBuildFile; fileRef = 508BBA9128FF2765004B1A9C /* Preview Assets.xcassets */; };
		508BBA9D28FF2765004B1A9C /* HEALPix_ViewerTests.swift in Sources */ = {isa = PBXBuildFile; fileRef = 508BBA9C28FF2765004B1A9C /* HEALPix_ViewerTests.swift */; };
		508D56BF291309DA0099C3A0 /* LightingView.swift in Sources */ = {isa = PBXBuildFile; fileRef = 508D56BE291309DA0099C3A0 /* LightingView.swift */; };
		508D56C729131C270099C3A0 /* Planck Parchment.swift in Sources */ = {isa = PBXBuildFile; fileRef = 508D56C629131C270099C3A0 /* Planck Parchment.swift */; };
		508D56CE29131D530099C3A0 /* Planck FreqMap.swift in Sources */ = {isa = PBXBuildFile; fileRef = 508D56CD29131D530099C3A0 /* Planck FreqMap.swift */; };
		508D56D029131DB10099C3A0 /* HEALPix CMB.swift in Sources */ = {isa = PBXBuildFile; fileRef = 508D56CF29131DB10099C3A0 /* HEALPix CMB.swift */; };
		508D56D229131E7E0099C3A0 /* HEALPix Grey.swift in Sources */ = {isa = PBXBuildFile; fileRef = 508D56D129131E7E0099C3A0 /* HEALPix Grey.swift */; };
		508D56D429131EB80099C3A0 /* HEALPix Hot.swift in Sources */ = {isa = PBXBuildFile; fileRef = 508D56D329131EB80099C3A0 /* HEALPix Hot.swift */; };
		508D56D629131F050099C3A0 /* HEALPix Cold.swift in Sources */ = {isa = PBXBuildFile; fileRef = 508D56D529131F050099C3A0 /* HEALPix Cold.swift */; };
		508D56D829131F7E0099C3A0 /* HEALPix GRV.swift in Sources */ = {isa = PBXBuildFile; fileRef = 508D56D729131F7E0099C3A0 /* HEALPix GRV.swift */; };
		508D56DA29131FBA0099C3A0 /* HEALPix BGRY.swift in Sources */ = {isa = PBXBuildFile; fileRef = 508D56D929131FBA0099C3A0 /* HEALPix BGRY.swift */; };
		508F923B2923E96600E6DD73 /* FileInput.swift in Sources */ = {isa = PBXBuildFile; fileRef = 508F923A2923E96600E6DD73 /* FileInput.swift */; };
		50A94798291B3AEB00F6F1BA /* RangeView.swift in Sources */ = {isa = PBXBuildFile; fileRef = 50A94797291B3AEB00F6F1BA /* RangeView.swift */; };
		50AFD40D29216FED00994618 /* HEALPix_Tests.swift in Sources */ = {isa = PBXBuildFile; fileRef = 50AFD40C29216FED00994618 /* HEALPix_Tests.swift */; };
		50BAE19B291F43380024FD5C /* Credits.rtf in Resources */ = {isa = PBXBuildFile; fileRef = 50BAE19A291F43380024FD5C /* Credits.rtf */; };
		50C1FBBF2922B7C7009A3C99 /* FitsIO.swift in Sources */ = {isa = PBXBuildFile; fileRef = 50C1FBBE2922B7C7009A3C99 /* FitsIO.swift */; };
		50C513132907DFDC00BB6B51 /* OrientationView.swift in Sources */ = {isa = PBXBuildFile; fileRef = 50C513122907DFDC00BB6B51 /* OrientationView.swift */; };
		50D29751291C39AA00E18C08 /* Map.swift in Sources */ = {isa = PBXBuildFile; fileRef = 50D29750291C39AA00E18C08 /* Map.swift */; };
		50ECD2B028FF2A9C0008F915 /* Menus.swift in Sources */ = {isa = PBXBuildFile; fileRef = 50ECD2AF28FF2A9C0008F915 /* Menus.swift */; };
		50ECD2B228FF31260008F915 /* Toolbar.swift in Sources */ = {isa = PBXBuildFile; fileRef = 50ECD2B128FF31260008F915 /* Toolbar.swift */; };
		50F1F27829134E2500FBF00D /* Colormap.swift in Sources */ = {isa = PBXBuildFile; fileRef = 50F1F27729134E2500FBF00D /* Colormap.swift */; };
/* End PBXBuildFile section */

/* Begin PBXContainerItemProxy section */
		50811E4D29023EAF0069B219 /* PBXContainerItemProxy */ = {
			isa = PBXContainerItemProxy;
			containerPortal = 50811E4829023EAF0069B219 /* cfitsio.xcodeproj */;
			proxyType = 2;
			remoteGlobalIDString = 50A89A371F47CE020058DA59;
			remoteInfo = cfitsio;
		};
		50811E4F29023EAF0069B219 /* PBXContainerItemProxy */ = {
			isa = PBXContainerItemProxy;
			containerPortal = 50811E4829023EAF0069B219 /* cfitsio.xcodeproj */;
			proxyType = 2;
			remoteGlobalIDString = 50A404491F4A47A500FB9E45;
			remoteInfo = CFitsIO;
		};
		508BBA9928FF2765004B1A9C /* PBXContainerItemProxy */ = {
			isa = PBXContainerItemProxy;
			containerPortal = 508BBA7F28FF2764004B1A9C /* Project object */;
			proxyType = 1;
			remoteGlobalIDString = 508BBA8628FF2764004B1A9C;
			remoteInfo = "HEALPix Viewer";
		};
/* End PBXContainerItemProxy section */

/* Begin PBXCopyFilesBuildPhase section */
		50811E5429023F280069B219 /* Embed Frameworks */ = {
			isa = PBXCopyFilesBuildPhase;
			buildActionMask = 2147483647;
			dstPath = "";
			dstSubfolderSpec = 10;
			files = (
				50811E5329023F280069B219 /* CFitsIO.framework in Embed Frameworks */,
			);
			name = "Embed Frameworks";
			runOnlyForDeploymentPostprocessing = 0;
		};
/* End PBXCopyFilesBuildPhase section */

/* Begin PBXFileReference section */
		5009BB132912ECEB006DE835 /* ColorView.swift */ = {isa = PBXFileReference; lastKnownFileType = sourcecode.swift; path = ColorView.swift; sourceTree = "<group>"; };
		500EFDBC29270B66002B6057 /* NavigationList.swift */ = {isa = PBXFileReference; lastKnownFileType = sourcecode.swift; path = NavigationList.swift; sourceTree = "<group>"; };
		500F99AE292553720097695C /* Bridging Header.h */ = {isa = PBXFileReference; lastKnownFileType = sourcecode.c.h; path = "Bridging Header.h"; sourceTree = "<group>"; };
		500F99B1292553730097695C /* rawmap.h */ = {isa = PBXFileReference; lastKnownFileType = sourcecode.c.h; path = rawmap.h; sourceTree = "<group>"; };
		500F99B2292553730097695C /* rawmap.c */ = {isa = PBXFileReference; lastKnownFileType = sourcecode.c.c; path = rawmap.c; sourceTree = "<group>"; };
		503C675D28FF89C1002D4314 /* MapView.swift */ = {isa = PBXFileReference; lastKnownFileType = sourcecode.swift; path = MapView.swift; sourceTree = "<group>"; };
		50563E582901E19A00B316CA /* MetalShader.swift */ = {isa = PBXFileReference; lastKnownFileType = sourcecode.swift; path = MetalShader.swift; sourceTree = "<group>"; };
		50563E5A2901E38F00B316CA /* Kernels.metal */ = {isa = PBXFileReference; lastKnownFileType = sourcecode.metal; path = Kernels.metal; sourceTree = "<group>"; };
		50655411290A64F400176790 /* ProjectionView.swift */ = {isa = PBXFileReference; lastKnownFileType = sourcecode.swift; path = ProjectionView.swift; sourceTree = "<group>"; };
		5065EE7F292044D000AD46CD /* Preferences.swift */ = {isa = PBXFileReference; lastKnownFileType = sourcecode.swift; path = Preferences.swift; sourceTree = "<group>"; };
		50811E4829023EAF0069B219 /* cfitsio.xcodeproj */ = {isa = PBXFileReference; lastKnownFileType = "wrapper.pb-project"; name = cfitsio.xcodeproj; path = cfitsio/cfitsio.xcodeproj; sourceTree = "<group>"; };
		508910B1291B077E00E33CB6 /* ColorbarView.swift */ = {isa = PBXFileReference; lastKnownFileType = sourcecode.swift; path = ColorbarView.swift; sourceTree = "<group>"; };
		508BBA8728FF2764004B1A9C /* HEALPix Viewer.app */ = {isa = PBXFileReference; explicitFileType = wrapper.application; includeInIndex = 0; path = "HEALPix Viewer.app"; sourceTree = BUILT_PRODUCTS_DIR; };
		508BBA8A28FF2764004B1A9C /* HEALPix_ViewerApp.swift */ = {isa = PBXFileReference; lastKnownFileType = sourcecode.swift; path = HEALPix_ViewerApp.swift; sourceTree = "<group>"; };
		508BBA8C28FF2764004B1A9C /* ContentView.swift */ = {isa = PBXFileReference; lastKnownFileType = sourcecode.swift; path = ContentView.swift; sourceTree = "<group>"; };
		508BBA8E28FF2765004B1A9C /* Assets.xcassets */ = {isa = PBXFileReference; lastKnownFileType = folder.assetcatalog; path = Assets.xcassets; sourceTree = "<group>"; };
		508BBA9128FF2765004B1A9C /* Preview Assets.xcassets */ = {isa = PBXFileReference; lastKnownFileType = folder.assetcatalog; path = "Preview Assets.xcassets"; sourceTree = "<group>"; };
		508BBA9328FF2765004B1A9C /* HEALPix_Viewer.entitlements */ = {isa = PBXFileReference; lastKnownFileType = text.plist.entitlements; path = HEALPix_Viewer.entitlements; sourceTree = "<group>"; };
		508BBA9828FF2765004B1A9C /* HEALPix ViewerTests.xctest */ = {isa = PBXFileReference; explicitFileType = wrapper.cfbundle; includeInIndex = 0; path = "HEALPix ViewerTests.xctest"; sourceTree = BUILT_PRODUCTS_DIR; };
		508BBA9C28FF2765004B1A9C /* HEALPix_ViewerTests.swift */ = {isa = PBXFileReference; lastKnownFileType = sourcecode.swift; path = HEALPix_ViewerTests.swift; sourceTree = "<group>"; };
		508D56BE291309DA0099C3A0 /* LightingView.swift */ = {isa = PBXFileReference; lastKnownFileType = sourcecode.swift; path = LightingView.swift; sourceTree = "<group>"; };
		508D56C629131C270099C3A0 /* Planck Parchment.swift */ = {isa = PBXFileReference; lastKnownFileType = sourcecode.swift; path = "Planck Parchment.swift"; sourceTree = "<group>"; };
		508D56CD29131D530099C3A0 /* Planck FreqMap.swift */ = {isa = PBXFileReference; lastKnownFileType = sourcecode.swift; path = "Planck FreqMap.swift"; sourceTree = "<group>"; };
		508D56CF29131DB10099C3A0 /* HEALPix CMB.swift */ = {isa = PBXFileReference; lastKnownFileType = sourcecode.swift; path = "HEALPix CMB.swift"; sourceTree = "<group>"; };
		508D56D129131E7E0099C3A0 /* HEALPix Grey.swift */ = {isa = PBXFileReference; lastKnownFileType = sourcecode.swift; path = "HEALPix Grey.swift"; sourceTree = "<group>"; };
		508D56D329131EB80099C3A0 /* HEALPix Hot.swift */ = {isa = PBXFileReference; lastKnownFileType = sourcecode.swift; path = "HEALPix Hot.swift"; sourceTree = "<group>"; };
		508D56D529131F050099C3A0 /* HEALPix Cold.swift */ = {isa = PBXFileReference; lastKnownFileType = sourcecode.swift; path = "HEALPix Cold.swift"; sourceTree = "<group>"; };
		508D56D729131F7E0099C3A0 /* HEALPix GRV.swift */ = {isa = PBXFileReference; lastKnownFileType = sourcecode.swift; path = "HEALPix GRV.swift"; sourceTree = "<group>"; };
		508D56D929131FBA0099C3A0 /* HEALPix BGRY.swift */ = {isa = PBXFileReference; lastKnownFileType = sourcecode.swift; path = "HEALPix BGRY.swift"; sourceTree = "<group>"; };
		508F923A2923E96600E6DD73 /* FileInput.swift */ = {isa = PBXFileReference; lastKnownFileType = sourcecode.swift; path = FileInput.swift; sourceTree = "<group>"; };
		50A0D2522902F1A300A29988 /* Healpix.metal */ = {isa = PBXFileReference; lastKnownFileType = sourcecode.metal; path = Healpix.metal; sourceTree = "<group>"; };
		50A0D2562902F1B200A29988 /* Projections.metal */ = {isa = PBXFileReference; lastKnownFileType = sourcecode.metal; path = Projections.metal; sourceTree = "<group>"; };
		50A94797291B3AEB00F6F1BA /* RangeView.swift */ = {isa = PBXFileReference; lastKnownFileType = sourcecode.swift; path = RangeView.swift; sourceTree = "<group>"; };
		50AFD40C29216FED00994618 /* HEALPix_Tests.swift */ = {isa = PBXFileReference; lastKnownFileType = sourcecode.swift; path = HEALPix_Tests.swift; sourceTree = "<group>"; };
		50BAE19A291F43380024FD5C /* Credits.rtf */ = {isa = PBXFileReference; lastKnownFileType = text.rtf; path = Credits.rtf; sourceTree = "<group>"; };
		50BAE1A0291F4CA40024FD5C /* HEALPix-Viewer-Info.plist */ = {isa = PBXFileReference; lastKnownFileType = text.plist; path = "HEALPix-Viewer-Info.plist"; sourceTree = SOURCE_ROOT; };
		50C1FBBE2922B7C7009A3C99 /* FitsIO.swift */ = {isa = PBXFileReference; lastKnownFileType = sourcecode.swift; path = FitsIO.swift; sourceTree = "<group>"; };
		50C513122907DFDC00BB6B51 /* OrientationView.swift */ = {isa = PBXFileReference; lastKnownFileType = sourcecode.swift; path = OrientationView.swift; sourceTree = "<group>"; };
		50CB1444290B03B0006D59FA /* Shaders.metal */ = {isa = PBXFileReference; lastKnownFileType = sourcecode.metal; path = Shaders.metal; sourceTree = "<group>"; };
		50D29750291C39AA00E18C08 /* Map.swift */ = {isa = PBXFileReference; lastKnownFileType = sourcecode.swift; path = Map.swift; sourceTree = "<group>"; };
		50ECD2AF28FF2A9C0008F915 /* Menus.swift */ = {isa = PBXFileReference; lastKnownFileType = sourcecode.swift; path = Menus.swift; sourceTree = "<group>"; };
		50ECD2B128FF31260008F915 /* Toolbar.swift */ = {isa = PBXFileReference; lastKnownFileType = sourcecode.swift; path = Toolbar.swift; sourceTree = "<group>"; };
		50F1F27729134E2500FBF00D /* Colormap.swift */ = {isa = PBXFileReference; lastKnownFileType = sourcecode.swift; path = Colormap.swift; sourceTree = "<group>"; };
		50FAAE482904659B00EF636E /* Common.metal */ = {isa = PBXFileReference; lastKnownFileType = sourcecode.metal; path = Common.metal; sourceTree = "<group>"; };
/* End PBXFileReference section */

/* Begin PBXFrameworksBuildPhase section */
		508BBA8428FF2764004B1A9C /* Frameworks */ = {
			isa = PBXFrameworksBuildPhase;
			buildActionMask = 2147483647;
			files = (
				50811E5229023F280069B219 /* CFitsIO.framework in Frameworks */,
			);
			runOnlyForDeploymentPostprocessing = 0;
		};
		508BBA9528FF2765004B1A9C /* Frameworks */ = {
			isa = PBXFrameworksBuildPhase;
			buildActionMask = 2147483647;
			files = (
			);
			runOnlyForDeploymentPostprocessing = 0;
		};
/* End PBXFrameworksBuildPhase section */

/* Begin PBXGroup section */
		50563E5C29023D7300B316CA /* macOS UI */ = {
			isa = PBXGroup;
			children = (
				508BBA8A28FF2764004B1A9C /* HEALPix_ViewerApp.swift */,
				508F923A2923E96600E6DD73 /* FileInput.swift */,
				508BBA8C28FF2764004B1A9C /* ContentView.swift */,
				500EFDBC29270B66002B6057 /* NavigationList.swift */,
				50655411290A64F400176790 /* ProjectionView.swift */,
				50C513122907DFDC00BB6B51 /* OrientationView.swift */,
				5009BB132912ECEB006DE835 /* ColorView.swift */,
				508D56BE291309DA0099C3A0 /* LightingView.swift */,
				503C675D28FF89C1002D4314 /* MapView.swift */,
				508910B1291B077E00E33CB6 /* ColorbarView.swift */,
				50A94797291B3AEB00F6F1BA /* RangeView.swift */,
				50ECD2B128FF31260008F915 /* Toolbar.swift */,
				50ECD2AF28FF2A9C0008F915 /* Menus.swift */,
				5065EE7F292044D000AD46CD /* Preferences.swift */,
			);
			path = "macOS UI";
			sourceTree = "<group>";
		};
		50811E4929023EAF0069B219 /* Products */ = {
			isa = PBXGroup;
			children = (
				50811E4E29023EAF0069B219 /* libcfitsio.dylib */,
				50811E5029023EAF0069B219 /* CFitsIO.framework */,
			);
			name = Products;
			sourceTree = "<group>";
		};
		50811E5129023F280069B219 /* Frameworks */ = {
			isa = PBXGroup;
			children = (
			);
			name = Frameworks;
			sourceTree = "<group>";
		};
		508BBA7E28FF2764004B1A9C = {
			isa = PBXGroup;
			children = (
				508BBA8928FF2764004B1A9C /* HEALPix Viewer */,
				50811E4829023EAF0069B219 /* cfitsio.xcodeproj */,
				508BBA9B28FF2765004B1A9C /* HEALPix ViewerTests */,
				508BBA8828FF2764004B1A9C /* Products */,
				50811E5129023F280069B219 /* Frameworks */,
			);
			sourceTree = "<group>";
		};
		508BBA8828FF2764004B1A9C /* Products */ = {
			isa = PBXGroup;
			children = (
				508BBA8728FF2764004B1A9C /* HEALPix Viewer.app */,
				508BBA9828FF2765004B1A9C /* HEALPix ViewerTests.xctest */,
			);
			name = Products;
			sourceTree = "<group>";
		};
		508BBA8928FF2764004B1A9C /* HEALPix Viewer */ = {
			isa = PBXGroup;
			children = (
				50563E5C29023D7300B316CA /* macOS UI */,
				50D29754291C3AAA00E18C08 /* Data */,
				508D56CA29131C2D0099C3A0 /* Colormaps */,
				50A0D2582902F1BE00A29988 /* Metal */,
				508BBA8E28FF2765004B1A9C /* Assets.xcassets */,
				50BAE1A0291F4CA40024FD5C /* HEALPix-Viewer-Info.plist */,
				508BBA9328FF2765004B1A9C /* HEALPix_Viewer.entitlements */,
				50BAE19A291F43380024FD5C /* Credits.rtf */,
				508BBA9028FF2765004B1A9C /* Preview Content */,
			);
			path = "HEALPix Viewer";
			sourceTree = "<group>";
		};
		508BBA9028FF2765004B1A9C /* Preview Content */ = {
			isa = PBXGroup;
			children = (
				508BBA9128FF2765004B1A9C /* Preview Assets.xcassets */,
			);
			path = "Preview Content";
			sourceTree = "<group>";
		};
		508BBA9B28FF2765004B1A9C /* HEALPix ViewerTests */ = {
			isa = PBXGroup;
			children = (
				50AFD40C29216FED00994618 /* HEALPix_Tests.swift */,
				508BBA9C28FF2765004B1A9C /* HEALPix_ViewerTests.swift */,
			);
			path = "HEALPix ViewerTests";
			sourceTree = "<group>";
		};
		508D56CA29131C2D0099C3A0 /* Colormaps */ = {
			isa = PBXGroup;
			children = (
				508D56C629131C270099C3A0 /* Planck Parchment.swift */,
				508D56CD29131D530099C3A0 /* Planck FreqMap.swift */,
				508D56CF29131DB10099C3A0 /* HEALPix CMB.swift */,
				508D56D129131E7E0099C3A0 /* HEALPix Grey.swift */,
				508D56D329131EB80099C3A0 /* HEALPix Hot.swift */,
				508D56D529131F050099C3A0 /* HEALPix Cold.swift */,
				508D56D729131F7E0099C3A0 /* HEALPix GRV.swift */,
				508D56D929131FBA0099C3A0 /* HEALPix BGRY.swift */,
				50F1F27729134E2500FBF00D /* Colormap.swift */,
			);
			path = Colormaps;
			sourceTree = "<group>";
		};
		50A0D2582902F1BE00A29988 /* Metal */ = {
			isa = PBXGroup;
			children = (
				50FAAE482904659B00EF636E /* Common.metal */,
				50A0D2522902F1A300A29988 /* Healpix.metal */,
				50A0D2562902F1B200A29988 /* Projections.metal */,
				50CB1444290B03B0006D59FA /* Shaders.metal */,
				50563E5A2901E38F00B316CA /* Kernels.metal */,
				50563E582901E19A00B316CA /* MetalShader.swift */,
			);
			path = Metal;
			sourceTree = "<group>";
		};
		50D29754291C3AAA00E18C08 /* Data */ = {
			isa = PBXGroup;
			children = (
				50C1FBBE2922B7C7009A3C99 /* FitsIO.swift */,
				500F99B1292553730097695C /* rawmap.h */,
				500F99B2292553730097695C /* rawmap.c */,
				50D29750291C39AA00E18C08 /* Map.swift */,
				500F99AE292553720097695C /* Bridging Header.h */,
			);
			path = Data;
			sourceTree = "<group>";
		};
/* End PBXGroup section */

/* Begin PBXNativeTarget section */
		508BBA8628FF2764004B1A9C /* HEALPix Viewer */ = {
			isa = PBXNativeTarget;
			buildConfigurationList = 508BBAAC28FF2765004B1A9C /* Build configuration list for PBXNativeTarget "HEALPix Viewer" */;
			buildPhases = (
				508BBA8328FF2764004B1A9C /* Sources */,
				508BBA8428FF2764004B1A9C /* Frameworks */,
				508BBA8528FF2764004B1A9C /* Resources */,
				50811E5429023F280069B219 /* Embed Frameworks */,
			);
			buildRules = (
			);
			dependencies = (
			);
			name = "HEALPix Viewer";
			productName = "HEALPix Viewer";
			productReference = 508BBA8728FF2764004B1A9C /* HEALPix Viewer.app */;
			productType = "com.apple.product-type.application";
		};
		508BBA9728FF2765004B1A9C /* HEALPix ViewerTests */ = {
			isa = PBXNativeTarget;
			buildConfigurationList = 508BBAAF28FF2765004B1A9C /* Build configuration list for PBXNativeTarget "HEALPix ViewerTests" */;
			buildPhases = (
				508BBA9428FF2765004B1A9C /* Sources */,
				508BBA9528FF2765004B1A9C /* Frameworks */,
				508BBA9628FF2765004B1A9C /* Resources */,
			);
			buildRules = (
			);
			dependencies = (
				508BBA9A28FF2765004B1A9C /* PBXTargetDependency */,
			);
			name = "HEALPix ViewerTests";
			productName = "HEALPix ViewerTests";
			productReference = 508BBA9828FF2765004B1A9C /* HEALPix ViewerTests.xctest */;
			productType = "com.apple.product-type.bundle.unit-test";
		};
/* End PBXNativeTarget section */

/* Begin PBXProject section */
		508BBA7F28FF2764004B1A9C /* Project object */ = {
			isa = PBXProject;
			attributes = {
				BuildIndependentTargetsInParallel = 1;
				LastSwiftUpdateCheck = 1400;
				LastUpgradeCheck = 1400;
				TargetAttributes = {
					508BBA8628FF2764004B1A9C = {
						CreatedOnToolsVersion = 14.0.1;
						LastSwiftMigration = 1410;
					};
					508BBA9728FF2765004B1A9C = {
						CreatedOnToolsVersion = 14.0.1;
						TestTargetID = 508BBA8628FF2764004B1A9C;
					};
				};
			};
			buildConfigurationList = 508BBA8228FF2764004B1A9C /* Build configuration list for PBXProject "HEALPix Viewer" */;
			compatibilityVersion = "Xcode 14.0";
			developmentRegion = en;
			hasScannedForEncodings = 0;
			knownRegions = (
				en,
				Base,
			);
			mainGroup = 508BBA7E28FF2764004B1A9C;
			productRefGroup = 508BBA8828FF2764004B1A9C /* Products */;
			projectDirPath = "";
			projectReferences = (
				{
					ProductGroup = 50811E4929023EAF0069B219 /* Products */;
					ProjectRef = 50811E4829023EAF0069B219 /* cfitsio.xcodeproj */;
				},
			);
			projectRoot = "";
			targets = (
				508BBA8628FF2764004B1A9C /* HEALPix Viewer */,
				508BBA9728FF2765004B1A9C /* HEALPix ViewerTests */,
			);
		};
/* End PBXProject section */

/* Begin PBXReferenceProxy section */
		50811E4E29023EAF0069B219 /* libcfitsio.dylib */ = {
			isa = PBXReferenceProxy;
			fileType = "compiled.mach-o.dylib";
			path = libcfitsio.dylib;
			remoteRef = 50811E4D29023EAF0069B219 /* PBXContainerItemProxy */;
			sourceTree = BUILT_PRODUCTS_DIR;
		};
		50811E5029023EAF0069B219 /* CFitsIO.framework */ = {
			isa = PBXReferenceProxy;
			fileType = wrapper.framework;
			path = CFitsIO.framework;
			remoteRef = 50811E4F29023EAF0069B219 /* PBXContainerItemProxy */;
			sourceTree = BUILT_PRODUCTS_DIR;
		};
/* End PBXReferenceProxy section */

/* Begin PBXResourcesBuildPhase section */
		508BBA8528FF2764004B1A9C /* Resources */ = {
			isa = PBXResourcesBuildPhase;
			buildActionMask = 2147483647;
			files = (
				508BBA9228FF2765004B1A9C /* Preview Assets.xcassets in Resources */,
				50BAE19B291F43380024FD5C /* Credits.rtf in Resources */,
				508BBA8F28FF2765004B1A9C /* Assets.xcassets in Resources */,
			);
			runOnlyForDeploymentPostprocessing = 0;
		};
		508BBA9628FF2765004B1A9C /* Resources */ = {
			isa = PBXResourcesBuildPhase;
			buildActionMask = 2147483647;
			files = (
			);
			runOnlyForDeploymentPostprocessing = 0;
		};
/* End PBXResourcesBuildPhase section */

/* Begin PBXSourcesBuildPhase section */
		508BBA8328FF2764004B1A9C /* Sources */ = {
			isa = PBXSourcesBuildPhase;
			buildActionMask = 2147483647;
			files = (
				508D56C729131C270099C3A0 /* Planck Parchment.swift in Sources */,
				508D56D029131DB10099C3A0 /* HEALPix CMB.swift in Sources */,
				50F1F27829134E2500FBF00D /* Colormap.swift in Sources */,
				508910B2291B077E00E33CB6 /* ColorbarView.swift in Sources */,
				508D56D629131F050099C3A0 /* HEALPix Cold.swift in Sources */,
				508D56D429131EB80099C3A0 /* HEALPix Hot.swift in Sources */,
				508BBA8D28FF2764004B1A9C /* ContentView.swift in Sources */,
				50655412290A64F400176790 /* ProjectionView.swift in Sources */,
				50A94798291B3AEB00F6F1BA /* RangeView.swift in Sources */,
				50C1FBBF2922B7C7009A3C99 /* FitsIO.swift in Sources */,
				508BBA8B28FF2764004B1A9C /* HEALPix_ViewerApp.swift in Sources */,
				503C675E28FF89C1002D4314 /* MapView.swift in Sources */,
				508D56DA29131FBA0099C3A0 /* HEALPix BGRY.swift in Sources */,
				508D56BF291309DA0099C3A0 /* LightingView.swift in Sources */,
				508D56CE29131D530099C3A0 /* Planck FreqMap.swift in Sources */,
				5065EE80292044D000AD46CD /* Preferences.swift in Sources */,
				5009BB142912ECEB006DE835 /* ColorView.swift in Sources */,
				50ECD2B028FF2A9C0008F915 /* Menus.swift in Sources */,
				50563E592901E19A00B316CA /* MetalShader.swift in Sources */,
				50563E5B2901E38F00B316CA /* Kernels.metal in Sources */,
				508F923B2923E96600E6DD73 /* FileInput.swift in Sources */,
				50ECD2B228FF31260008F915 /* Toolbar.swift in Sources */,
				50D29751291C39AA00E18C08 /* Map.swift in Sources */,
				500EFDBD29270B66002B6057 /* NavigationList.swift in Sources */,
				50C513132907DFDC00BB6B51 /* OrientationView.swift in Sources */,
				508D56D829131F7E0099C3A0 /* HEALPix GRV.swift in Sources */,
				508D56D229131E7E0099C3A0 /* HEALPix Grey.swift in Sources */,
				500F99B3292553730097695C /* rawmap.c in Sources */,
			);
			runOnlyForDeploymentPostprocessing = 0;
		};
		508BBA9428FF2765004B1A9C /* Sources */ = {
			isa = PBXSourcesBuildPhase;
			buildActionMask = 2147483647;
			files = (
				508BBA9D28FF2765004B1A9C /* HEALPix_ViewerTests.swift in Sources */,
				50AFD40D29216FED00994618 /* HEALPix_Tests.swift in Sources */,
			);
			runOnlyForDeploymentPostprocessing = 0;
		};
/* End PBXSourcesBuildPhase section */

/* Begin PBXTargetDependency section */
		508BBA9A28FF2765004B1A9C /* PBXTargetDependency */ = {
			isa = PBXTargetDependency;
			target = 508BBA8628FF2764004B1A9C /* HEALPix Viewer */;
			targetProxy = 508BBA9928FF2765004B1A9C /* PBXContainerItemProxy */;
		};
/* End PBXTargetDependency section */

/* Begin XCBuildConfiguration section */
		508BBAAA28FF2765004B1A9C /* Debug */ = {
			isa = XCBuildConfiguration;
			buildSettings = {
				ALWAYS_SEARCH_USER_PATHS = NO;
				CLANG_ANALYZER_NONNULL = YES;
				CLANG_ANALYZER_NUMBER_OBJECT_CONVERSION = YES_AGGRESSIVE;
				CLANG_CXX_LANGUAGE_STANDARD = "gnu++20";
				CLANG_ENABLE_MODULES = YES;
				CLANG_ENABLE_OBJC_ARC = YES;
				CLANG_ENABLE_OBJC_WEAK = YES;
				CLANG_WARN_BLOCK_CAPTURE_AUTORELEASING = YES;
				CLANG_WARN_BOOL_CONVERSION = YES;
				CLANG_WARN_COMMA = YES;
				CLANG_WARN_CONSTANT_CONVERSION = YES;
				CLANG_WARN_DEPRECATED_OBJC_IMPLEMENTATIONS = YES;
				CLANG_WARN_DIRECT_OBJC_ISA_USAGE = YES_ERROR;
				CLANG_WARN_DOCUMENTATION_COMMENTS = YES;
				CLANG_WARN_EMPTY_BODY = YES;
				CLANG_WARN_ENUM_CONVERSION = YES;
				CLANG_WARN_INFINITE_RECURSION = YES;
				CLANG_WARN_INT_CONVERSION = YES;
				CLANG_WARN_NON_LITERAL_NULL_CONVERSION = YES;
				CLANG_WARN_OBJC_IMPLICIT_RETAIN_SELF = YES;
				CLANG_WARN_OBJC_LITERAL_CONVERSION = YES;
				CLANG_WARN_OBJC_ROOT_CLASS = YES_ERROR;
				CLANG_WARN_QUOTED_INCLUDE_IN_FRAMEWORK_HEADER = YES;
				CLANG_WARN_RANGE_LOOP_ANALYSIS = YES;
				CLANG_WARN_STRICT_PROTOTYPES = YES;
				CLANG_WARN_SUSPICIOUS_MOVE = YES;
				CLANG_WARN_UNGUARDED_AVAILABILITY = YES_AGGRESSIVE;
				CLANG_WARN_UNREACHABLE_CODE = YES;
				CLANG_WARN__DUPLICATE_METHOD_MATCH = YES;
				COPY_PHASE_STRIP = NO;
				DEBUG_INFORMATION_FORMAT = dwarf;
				ENABLE_STRICT_OBJC_MSGSEND = YES;
				ENABLE_TESTABILITY = YES;
				GCC_C_LANGUAGE_STANDARD = gnu11;
				GCC_DYNAMIC_NO_PIC = NO;
				GCC_NO_COMMON_BLOCKS = YES;
				GCC_OPTIMIZATION_LEVEL = 0;
				GCC_PREPROCESSOR_DEFINITIONS = (
					"DEBUG=1",
					"$(inherited)",
				);
				GCC_WARN_64_TO_32_BIT_CONVERSION = YES;
				GCC_WARN_ABOUT_RETURN_TYPE = YES_ERROR;
				GCC_WARN_UNDECLARED_SELECTOR = YES;
				GCC_WARN_UNINITIALIZED_AUTOS = YES_AGGRESSIVE;
				GCC_WARN_UNUSED_FUNCTION = YES;
				GCC_WARN_UNUSED_VARIABLE = YES;
				MACOSX_DEPLOYMENT_TARGET = 12.3;
				MTL_ENABLE_DEBUG_INFO = INCLUDE_SOURCE;
				MTL_FAST_MATH = YES;
				ONLY_ACTIVE_ARCH = YES;
				SDKROOT = macosx;
				SWIFT_ACTIVE_COMPILATION_CONDITIONS = DEBUG;
				SWIFT_OPTIMIZATION_LEVEL = "-Onone";
			};
			name = Debug;
		};
		508BBAAB28FF2765004B1A9C /* Release */ = {
			isa = XCBuildConfiguration;
			buildSettings = {
				ALWAYS_SEARCH_USER_PATHS = NO;
				CLANG_ANALYZER_NONNULL = YES;
				CLANG_ANALYZER_NUMBER_OBJECT_CONVERSION = YES_AGGRESSIVE;
				CLANG_CXX_LANGUAGE_STANDARD = "gnu++20";
				CLANG_ENABLE_MODULES = YES;
				CLANG_ENABLE_OBJC_ARC = YES;
				CLANG_ENABLE_OBJC_WEAK = YES;
				CLANG_WARN_BLOCK_CAPTURE_AUTORELEASING = YES;
				CLANG_WARN_BOOL_CONVERSION = YES;
				CLANG_WARN_COMMA = YES;
				CLANG_WARN_CONSTANT_CONVERSION = YES;
				CLANG_WARN_DEPRECATED_OBJC_IMPLEMENTATIONS = YES;
				CLANG_WARN_DIRECT_OBJC_ISA_USAGE = YES_ERROR;
				CLANG_WARN_DOCUMENTATION_COMMENTS = YES;
				CLANG_WARN_EMPTY_BODY = YES;
				CLANG_WARN_ENUM_CONVERSION = YES;
				CLANG_WARN_INFINITE_RECURSION = YES;
				CLANG_WARN_INT_CONVERSION = YES;
				CLANG_WARN_NON_LITERAL_NULL_CONVERSION = YES;
				CLANG_WARN_OBJC_IMPLICIT_RETAIN_SELF = YES;
				CLANG_WARN_OBJC_LITERAL_CONVERSION = YES;
				CLANG_WARN_OBJC_ROOT_CLASS = YES_ERROR;
				CLANG_WARN_QUOTED_INCLUDE_IN_FRAMEWORK_HEADER = YES;
				CLANG_WARN_RANGE_LOOP_ANALYSIS = YES;
				CLANG_WARN_STRICT_PROTOTYPES = YES;
				CLANG_WARN_SUSPICIOUS_MOVE = YES;
				CLANG_WARN_UNGUARDED_AVAILABILITY = YES_AGGRESSIVE;
				CLANG_WARN_UNREACHABLE_CODE = YES;
				CLANG_WARN__DUPLICATE_METHOD_MATCH = YES;
				COPY_PHASE_STRIP = NO;
				DEBUG_INFORMATION_FORMAT = "dwarf-with-dsym";
				ENABLE_NS_ASSERTIONS = NO;
				ENABLE_STRICT_OBJC_MSGSEND = YES;
				GCC_C_LANGUAGE_STANDARD = gnu11;
				GCC_NO_COMMON_BLOCKS = YES;
				GCC_WARN_64_TO_32_BIT_CONVERSION = YES;
				GCC_WARN_ABOUT_RETURN_TYPE = YES_ERROR;
				GCC_WARN_UNDECLARED_SELECTOR = YES;
				GCC_WARN_UNINITIALIZED_AUTOS = YES_AGGRESSIVE;
				GCC_WARN_UNUSED_FUNCTION = YES;
				GCC_WARN_UNUSED_VARIABLE = YES;
				MACOSX_DEPLOYMENT_TARGET = 12.3;
				MTL_ENABLE_DEBUG_INFO = NO;
				MTL_FAST_MATH = YES;
				SDKROOT = macosx;
				SWIFT_COMPILATION_MODE = wholemodule;
				SWIFT_OPTIMIZATION_LEVEL = "-O";
			};
			name = Release;
		};
		508BBAAD28FF2765004B1A9C /* Debug */ = {
			isa = XCBuildConfiguration;
			buildSettings = {
				ASSETCATALOG_COMPILER_APPICON_NAME = AppIcon;
				ASSETCATALOG_COMPILER_GLOBAL_ACCENT_COLOR_NAME = AccentColor;
				CLANG_ENABLE_MODULES = YES;
				CODE_SIGN_ENTITLEMENTS = "HEALPix Viewer/HEALPix_Viewer.entitlements";
				CODE_SIGN_STYLE = Automatic;
				COMBINE_HIDPI_IMAGES = YES;
				CURRENT_PROJECT_VERSION = 001;
				DEVELOPMENT_ASSET_PATHS = "\"HEALPix Viewer/Preview Content\"";
				DEVELOPMENT_TEAM = 28GCAU455A;
				ENABLE_HARDENED_RUNTIME = YES;
				ENABLE_PREVIEWS = YES;
				GENERATE_INFOPLIST_FILE = YES;
				INFOPLIST_FILE = "HEALPix-Viewer-Info.plist";
				INFOPLIST_KEY_LSApplicationCategoryType = "public.app-category.education";
				INFOPLIST_KEY_NSHumanReadableCopyright = "";
				LD_RUNPATH_SEARCH_PATHS = (
					"$(inherited)",
					"@executable_path/../Frameworks",
				);
				MARKETING_VERSION = 1.0;
				PRODUCT_BUNDLE_IDENTIFIER = "ca.sfu.cosmo.healpix-viewer";
				PRODUCT_NAME = "$(TARGET_NAME)";
				SWIFT_EMIT_LOC_STRINGS = YES;
				SWIFT_OBJC_BRIDGING_HEADER = "HEALPix Viewer/Data/Bridging Header.h";
				SWIFT_OPTIMIZATION_LEVEL = "-Onone";
				SWIFT_VERSION = 5.0;
			};
			name = Debug;
		};
		508BBAAE28FF2765004B1A9C /* Release */ = {
			isa = XCBuildConfiguration;
			buildSettings = {
				ASSETCATALOG_COMPILER_APPICON_NAME = AppIcon;
				ASSETCATALOG_COMPILER_GLOBAL_ACCENT_COLOR_NAME = AccentColor;
				CLANG_ENABLE_MODULES = YES;
				CODE_SIGN_ENTITLEMENTS = "HEALPix Viewer/HEALPix_Viewer.entitlements";
				CODE_SIGN_STYLE = Automatic;
				COMBINE_HIDPI_IMAGES = YES;
				CURRENT_PROJECT_VERSION = 001;
				DEVELOPMENT_ASSET_PATHS = "\"HEALPix Viewer/Preview Content\"";
				DEVELOPMENT_TEAM = 28GCAU455A;
				ENABLE_HARDENED_RUNTIME = YES;
				ENABLE_PREVIEWS = YES;
				GENERATE_INFOPLIST_FILE = YES;
				INFOPLIST_FILE = "HEALPix-Viewer-Info.plist";
				INFOPLIST_KEY_LSApplicationCategoryType = "public.app-category.education";
				INFOPLIST_KEY_NSHumanReadableCopyright = "";
				LD_RUNPATH_SEARCH_PATHS = (
					"$(inherited)",
					"@executable_path/../Frameworks",
				);
				MARKETING_VERSION = 1.0;
				PRODUCT_BUNDLE_IDENTIFIER = "ca.sfu.cosmo.healpix-viewer";
				PRODUCT_NAME = "$(TARGET_NAME)";
				SWIFT_EMIT_LOC_STRINGS = YES;
				SWIFT_OBJC_BRIDGING_HEADER = "HEALPix Viewer/Data/Bridging Header.h";
				SWIFT_VERSION = 5.0;
			};
			name = Release;
		};
		508BBAB028FF2765004B1A9C /* Debug */ = {
			isa = XCBuildConfiguration;
			buildSettings = {
				ALWAYS_EMBED_SWIFT_STANDARD_LIBRARIES = YES;
				BUNDLE_LOADER = "$(TEST_HOST)";
				CODE_SIGN_STYLE = Automatic;
				CURRENT_PROJECT_VERSION = 1;
				DEVELOPMENT_TEAM = 28GCAU455A;
				GENERATE_INFOPLIST_FILE = YES;
				MACOSX_DEPLOYMENT_TARGET = 12.3;
				MARKETING_VERSION = 1.0;
				PRODUCT_BUNDLE_IDENTIFIER = "ca.sfu.cosmo.HEALPix-ViewerTests";
				PRODUCT_NAME = "$(TARGET_NAME)";
				SWIFT_EMIT_LOC_STRINGS = NO;
				SWIFT_VERSION = 5.0;
				TEST_HOST = "$(BUILT_PRODUCTS_DIR)/HEALPix Viewer.app/$(BUNDLE_EXECUTABLE_FOLDER_PATH)/HEALPix Viewer";
			};
			name = Debug;
		};
		508BBAB128FF2765004B1A9C /* Release */ = {
			isa = XCBuildConfiguration;
			buildSettings = {
				ALWAYS_EMBED_SWIFT_STANDARD_LIBRARIES = YES;
				BUNDLE_LOADER = "$(TEST_HOST)";
				CODE_SIGN_STYLE = Automatic;
				CURRENT_PROJECT_VERSION = 1;
				DEVELOPMENT_TEAM = 28GCAU455A;
				GENERATE_INFOPLIST_FILE = YES;
				MACOSX_DEPLOYMENT_TARGET = 12.3;
				MARKETING_VERSION = 1.0;
				PRODUCT_BUNDLE_IDENTIFIER = "ca.sfu.cosmo.HEALPix-ViewerTests";
				PRODUCT_NAME = "$(TARGET_NAME)";
				SWIFT_EMIT_LOC_STRINGS = NO;
				SWIFT_VERSION = 5.0;
				TEST_HOST = "$(BUILT_PRODUCTS_DIR)/HEALPix Viewer.app/$(BUNDLE_EXECUTABLE_FOLDER_PATH)/HEALPix Viewer";
			};
			name = Release;
		};
/* End XCBuildConfiguration section */

/* Begin XCConfigurationList section */
		508BBA8228FF2764004B1A9C /* Build configuration list for PBXProject "HEALPix Viewer" */ = {
			isa = XCConfigurationList;
			buildConfigurations = (
				508BBAAA28FF2765004B1A9C /* Debug */,
				508BBAAB28FF2765004B1A9C /* Release */,
			);
			defaultConfigurationIsVisible = 0;
			defaultConfigurationName = Release;
		};
		508BBAAC28FF2765004B1A9C /* Build configuration list for PBXNativeTarget "HEALPix Viewer" */ = {
			isa = XCConfigurationList;
			buildConfigurations = (
				508BBAAD28FF2765004B1A9C /* Debug */,
				508BBAAE28FF2765004B1A9C /* Release */,
			);
			defaultConfigurationIsVisible = 0;
			defaultConfigurationName = Release;
		};
		508BBAAF28FF2765004B1A9C /* Build configuration list for PBXNativeTarget "HEALPix ViewerTests" */ = {
			isa = XCConfigurationList;
			buildConfigurations = (
				508BBAB028FF2765004B1A9C /* Debug */,
				508BBAB128FF2765004B1A9C /* Release */,
			);
			defaultConfigurationIsVisible = 0;
			defaultConfigurationName = Release;
		};
/* End XCConfigurationList section */
	};
	rootObject = 508BBA7F28FF2764004B1A9C /* Project object */;
}
